
Microsoft Visual Studio Solution File, Format Version 12.00
# Visual Studio 15
VisualStudioVersion = 15.0.27004.2006
MinimumVisualStudioVersion = 10.0.40219.1
Project("{FAE04EC0-301F-11D3-BF4B-00C04F79EFBC}") = "Wit.ai.net", "Wit.ai.net\Wit.ai.net.csproj", "{8D86965E-03FE-44B6-B55F-685849C3D68E}"
EndProject
Project("{FAE04EC0-301F-11D3-BF4B-00C04F79EFBC}") = "Wit.ai.net.Tests", "Wit.ai.net.Tests\Wit.ai.net.Tests.csproj", "{E543E9C4-C71F-4AA4-B324-1A9BA504AFAC}"
EndProject
Project("{2150E333-8FDC-42A3-9474-1A3956D46DE8}") = "General", "General", "{3AB0C113-4243-4170-9503-904628EA8744}"
	ProjectSection(SolutionItems) = preProject
		LICENSE.txt = LICENSE.txt
		README.md = README.md
	EndProjectSection
EndProject
Project("{9A19103F-16F7-4668-BE54-9A1E7A4F7556}") = "WitAi.NetStandard20", "WitAi.NetStandard20\WitAi.NetStandard20.csproj", "{047939F1-BAF8-4428-8F87-3E07BB15D97B}"
EndProject
Global
	GlobalSection(SolutionConfigurationPlatforms) = preSolution
		Debug|Any CPU = Debug|Any CPU
		Release|Any CPU = Release|Any CPU
	EndGlobalSection
	GlobalSection(ProjectConfigurationPlatforms) = postSolution
		{8D86965E-03FE-44B6-B55F-685849C3D68E}.Debug|Any CPU.ActiveCfg = Debug|Any CPU
		{8D86965E-03FE-44B6-B55F-685849C3D68E}.Debug|Any CPU.Build.0 = Debug|Any CPU
		{8D86965E-03FE-44B6-B55F-685849C3D68E}.Release|Any CPU.ActiveCfg = Release|Any CPU
		{8D86965E-03FE-44B6-B55F-685849C3D68E}.Release|Any CPU.Build.0 = Release|Any CPU
		{E543E9C4-C71F-4AA4-B324-1A9BA504AFAC}.Debug|Any CPU.ActiveCfg = Debug|Any CPU
		{E543E9C4-C71F-4AA4-B324-1A9BA504AFAC}.Debug|Any CPU.Build.0 = Debug|Any CPU
		{E543E9C4-C71F-4AA4-B324-1A9BA504AFAC}.Release|Any CPU.ActiveCfg = Release|Any CPU
		{E543E9C4-C71F-4AA4-B324-1A9BA504AFAC}.Release|Any CPU.Build.0 = Release|Any CPU
		{047939F1-BAF8-4428-8F87-3E07BB15D97B}.Debug|Any CPU.ActiveCfg = Debug|Any CPU
		{047939F1-BAF8-4428-8F87-3E07BB15D97B}.Debug|Any CPU.Build.0 = Debug|Any CPU
		{047939F1-BAF8-4428-8F87-3E07BB15D97B}.Release|Any CPU.ActiveCfg = Release|Any CPU
		{047939F1-BAF8-4428-8F87-3E07BB15D97B}.Release|Any CPU.Build.0 = Release|Any CPU
	EndGlobalSection
	GlobalSection(SolutionProperties) = preSolution
		HideSolutionNode = FALSE
	EndGlobalSection
	GlobalSection(ExtensibilityGlobals) = postSolution
		SolutionGuid = {17A2F92D-AFB6-43B4-823E-E4F5E066C673}
	EndGlobalSection
EndGlobal
